{
  "name": "happy-inputs-example",
  "version": "1.0.1",
  "lockfileVersion": 1,
  "requires": true,
  "dependencies": {
    "happy-inputs": {
      "version": "2.0.2",
      "resolved": "https://registry.npmjs.org/happy-inputs/-/happy-inputs-2.0.2.tgz",
      "integrity": "sha512-Xt4MesjmNwDUQPBvMpL3tke6iXrKUhHnoFqwX/1vSys8OCHDnM63K07GDOqOxjnLLlEB5tv2xQkp3Uh+ANP3Pw=="
    }
  }
}
