{
  "name": "happy-inputs-example",
  "version": "1.0.1",
  "lockfileVersion": 1,
  "requires": true,
  "dependencies": {
    "happy-inputs": {
      "version": "2.0.3",
      "resolved": "https://registry.npmjs.org/happy-inputs/-/happy-inputs-2.0.3.tgz",
      "integrity": "sha512-e0QEjuX4OfIVGJ1HGhsV32DrKCQDRy6/5v36rjRC10q7NUdFNdLdG/fsce0gUXfJ3qf25r9GzJeJorFn0NgNbA=="
    }
  }
}
